
Microsoft Visual Studio Solution File, Format Version 12.00
# Visual Studio Version 17
VisualStudioVersion = 17.4.33213.308
MinimumVisualStudioVersion = 10.0.40219.1
Project("{FAE04EC0-301F-11D3-BF4B-00C04F79EFBC}") = "ClassLibrary1", "ClassLibrary1\ClassLibrary1.csproj", "{EBBADA8D-7EA9-49B4-88FE-9B8D840113DA}"
EndProject
Global
	GlobalSection(SolutionConfigurationPlatforms) = preSolution
		Debug|Any CPU = Debug|Any CPU
		Release|Any CPU = Release|Any CPU
	EndGlobalSection
	GlobalSection(ProjectConfigurationPlatforms) = postSolution
		{EBBADA8D-7EA9-49B4-88FE-9B8D840113DA}.Debug|Any CPU.ActiveCfg = Debug|Any CPU
		{EBBADA8D-7EA9-49B4-88FE-9B8D840113DA}.Debug|Any CPU.Build.0 = Debug|Any CPU
		{EBBADA8D-7EA9-49B4-88FE-9B8D840113DA}.Release|Any CPU.ActiveCfg = Release|Any CPU
		{EBBADA8D-7EA9-49B4-88FE-9B8D840113DA}.Release|Any CPU.Build.0 = Release|Any CPU
	EndGlobalSection
	GlobalSection(SolutionProperties) = preSolution
		HideSolutionNode = FALSE
	EndGlobalSection
	GlobalSection(ExtensibilityGlobals) = postSolution
		SolutionGuid = {9FF47B4D-B24A-48B9-8F61-A4D7FF62A257}
	EndGlobalSection
EndGlobal
